
Microsoft Visual Studio Solution File, Format Version 12.00
# Visual Studio 2013
VisualStudioVersion = 12.0.21005.1
MinimumVisualStudioVersion = 10.0.40219.1
Project("{FAE04EC0-301F-11D3-BF4B-00C04F79EFBC}") = "StormVault.UI", "Source\StormVault.UI\StormVault.UI.csproj", "{945D5455-C46B-44DD-86D2-19567C52CAE0}"
EndProject
Project("{FAE04EC0-301F-11D3-BF4B-00C04F79EFBC}") = "StormVault.Core", "Source\StormVault.Core\StormVault.Core.csproj", "{560AE3CD-1451-4348-92F5-E2D812FC6C26}"
EndProject
Project("{2150E333-8FDC-42A3-9474-1A3956D46DE8}") = ".Lib", ".Lib", "{F7B93212-2A21-47A3-9091-350C78244119}"
EndProject
Project("{FAE04EC0-301F-11D3-BF4B-00C04F79EFBC}") = "Heroes.ReplayParser", "Lib\Heroes.ReplayParser\Heroes.ReplayParser.csproj", "{AAF78D53-A1DA-424A-B1AA-09895EAB3B2B}"
EndProject
Global
	GlobalSection(SolutionConfigurationPlatforms) = preSolution
		Debug|Any CPU = Debug|Any CPU
		Debug|x86 = Debug|x86
		Release|Any CPU = Release|Any CPU
		Release|x86 = Release|x86
	EndGlobalSection
	GlobalSection(ProjectConfigurationPlatforms) = postSolution
		{945D5455-C46B-44DD-86D2-19567C52CAE0}.Debug|Any CPU.ActiveCfg = Debug|Any CPU
		{945D5455-C46B-44DD-86D2-19567C52CAE0}.Debug|Any CPU.Build.0 = Debug|Any CPU
		{945D5455-C46B-44DD-86D2-19567C52CAE0}.Debug|x86.ActiveCfg = Debug|Any CPU
		{945D5455-C46B-44DD-86D2-19567C52CAE0}.Release|Any CPU.ActiveCfg = Release|Any CPU
		{945D5455-C46B-44DD-86D2-19567C52CAE0}.Release|Any CPU.Build.0 = Release|Any CPU
		{945D5455-C46B-44DD-86D2-19567C52CAE0}.Release|x86.ActiveCfg = Release|Any CPU
		{560AE3CD-1451-4348-92F5-E2D812FC6C26}.Debug|Any CPU.ActiveCfg = Debug|Any CPU
		{560AE3CD-1451-4348-92F5-E2D812FC6C26}.Debug|Any CPU.Build.0 = Debug|Any CPU
		{560AE3CD-1451-4348-92F5-E2D812FC6C26}.Debug|x86.ActiveCfg = Debug|Any CPU
		{560AE3CD-1451-4348-92F5-E2D812FC6C26}.Release|Any CPU.ActiveCfg = Release|Any CPU
		{560AE3CD-1451-4348-92F5-E2D812FC6C26}.Release|Any CPU.Build.0 = Release|Any CPU
		{560AE3CD-1451-4348-92F5-E2D812FC6C26}.Release|x86.ActiveCfg = Release|Any CPU
		{AAF78D53-A1DA-424A-B1AA-09895EAB3B2B}.Debug|Any CPU.ActiveCfg = Debug|Any CPU
		{AAF78D53-A1DA-424A-B1AA-09895EAB3B2B}.Debug|Any CPU.Build.0 = Debug|Any CPU
		{AAF78D53-A1DA-424A-B1AA-09895EAB3B2B}.Debug|x86.ActiveCfg = Debug|x86
		{AAF78D53-A1DA-424A-B1AA-09895EAB3B2B}.Debug|x86.Build.0 = Debug|x86
		{AAF78D53-A1DA-424A-B1AA-09895EAB3B2B}.Release|Any CPU.ActiveCfg = Release|Any CPU
		{AAF78D53-A1DA-424A-B1AA-09895EAB3B2B}.Release|Any CPU.Build.0 = Release|Any CPU
		{AAF78D53-A1DA-424A-B1AA-09895EAB3B2B}.Release|x86.ActiveCfg = Release|x86
		{AAF78D53-A1DA-424A-B1AA-09895EAB3B2B}.Release|x86.Build.0 = Release|x86
	EndGlobalSection
	GlobalSection(SolutionProperties) = preSolution
		HideSolutionNode = FALSE
	EndGlobalSection
	GlobalSection(NestedProjects) = preSolution
		{AAF78D53-A1DA-424A-B1AA-09895EAB3B2B} = {F7B93212-2A21-47A3-9091-350C78244119}
	EndGlobalSection
EndGlobal
